# THIS IS AN AUTOGENERATED FILE. DO NOT EDIT THIS FILE DIRECTLY.
# yarn lockfile v1


chart.js@^3.6.0:
  version "3.6.0"
  resolved "https://registry.yarnpkg.com/chart.js/-/chart.js-3.6.0.tgz#a87fce8431d4e7c5523d721f487f53aada1e42fe"
  integrity sha512-iOzzDKePL+bj+ccIsVAgWQehCXv8xOKGbaU2fO/myivH736zcx535PGJzQGanvcSGVOqX6yuLZsN3ygcQ35UgQ==

react-chartjs-2@^3.2.0:
  version "3.2.0"
  resolved "https://registry.yarnpkg.com/react-chartjs-2/-/react-chartjs-2-3.2.0.tgz#0a44e1ff8ddf35b8147b7b20c3525172852307c2"
  integrity sha512-UFedkfhOriqyslqYMrdK225TdxFq6YSmGJVQplLC37eoKBfbpkJHxVq+SPMpoVY2oV9fx33RrD4Obv0wKZtclw==
